
Microsoft Visual Studio Solution File, Format Version 12.00
# Visual Studio Version 17
VisualStudioVersion = 17.5.33530.505
MinimumVisualStudioVersion = 10.0.40219.1
Project("{FAE04EC0-301F-11D3-BF4B-00C04F79EFBC}") = "Media_ensino_medio", "Media_ensino_medio\Media_ensino_medio.csproj", "{DC6BE903-C287-4946-8059-AE01F815E435}"
EndProject
Global
	GlobalSection(SolutionConfigurationPlatforms) = preSolution
		Debug|Any CPU = Debug|Any CPU
		Release|Any CPU = Release|Any CPU
	EndGlobalSection
	GlobalSection(ProjectConfigurationPlatforms) = postSolution
		{DC6BE903-C287-4946-8059-AE01F815E435}.Debug|Any CPU.ActiveCfg = Debug|Any CPU
		{DC6BE903-C287-4946-8059-AE01F815E435}.Debug|Any CPU.Build.0 = Debug|Any CPU
		{DC6BE903-C287-4946-8059-AE01F815E435}.Release|Any CPU.ActiveCfg = Release|Any CPU
		{DC6BE903-C287-4946-8059-AE01F815E435}.Release|Any CPU.Build.0 = Release|Any CPU
	EndGlobalSection
	GlobalSection(SolutionProperties) = preSolution
		HideSolutionNode = FALSE
	EndGlobalSection
	GlobalSection(ExtensibilityGlobals) = postSolution
		SolutionGuid = {3E929698-CBDD-4AF8-B963-061AEDED77DF}
	EndGlobalSection
EndGlobal
