
Microsoft Visual Studio Solution File, Format Version 12.00
# Visual Studio Version 17
VisualStudioVersion = 17.5.33530.505
MinimumVisualStudioVersion = 10.0.40219.1
Project("{FAE04EC0-301F-11D3-BF4B-00C04F79EFBC}") = "Cadastro", "Cadastro\Cadastro.csproj", "{78E41B77-D85E-4684-9E38-0CDA217DCA7C}"
EndProject
Global
	GlobalSection(SolutionConfigurationPlatforms) = preSolution
		Debug|Any CPU = Debug|Any CPU
		Release|Any CPU = Release|Any CPU
	EndGlobalSection
	GlobalSection(ProjectConfigurationPlatforms) = postSolution
		{78E41B77-D85E-4684-9E38-0CDA217DCA7C}.Debug|Any CPU.ActiveCfg = Debug|Any CPU
		{78E41B77-D85E-4684-9E38-0CDA217DCA7C}.Debug|Any CPU.Build.0 = Debug|Any CPU
		{78E41B77-D85E-4684-9E38-0CDA217DCA7C}.Release|Any CPU.ActiveCfg = Release|Any CPU
		{78E41B77-D85E-4684-9E38-0CDA217DCA7C}.Release|Any CPU.Build.0 = Release|Any CPU
	EndGlobalSection
	GlobalSection(SolutionProperties) = preSolution
		HideSolutionNode = FALSE
	EndGlobalSection
	GlobalSection(ExtensibilityGlobals) = postSolution
		SolutionGuid = {8E7A39BD-A215-4186-877C-310EB0628A36}
	EndGlobalSection
EndGlobal
