
Microsoft Visual Studio Solution File, Format Version 12.00
# Visual Studio Version 17
VisualStudioVersion = 17.5.33530.505
MinimumVisualStudioVersion = 10.0.40219.1
Project("{FAE04EC0-301F-11D3-BF4B-00C04F79EFBC}") = "Circunferencia", "Circunferencia\Circunferencia.csproj", "{21C1C822-9432-41C9-A8D4-EEDBFFD6EB59}"
EndProject
Global
	GlobalSection(SolutionConfigurationPlatforms) = preSolution
		Debug|Any CPU = Debug|Any CPU
		Release|Any CPU = Release|Any CPU
	EndGlobalSection
	GlobalSection(ProjectConfigurationPlatforms) = postSolution
		{21C1C822-9432-41C9-A8D4-EEDBFFD6EB59}.Debug|Any CPU.ActiveCfg = Debug|Any CPU
		{21C1C822-9432-41C9-A8D4-EEDBFFD6EB59}.Debug|Any CPU.Build.0 = Debug|Any CPU
		{21C1C822-9432-41C9-A8D4-EEDBFFD6EB59}.Release|Any CPU.ActiveCfg = Release|Any CPU
		{21C1C822-9432-41C9-A8D4-EEDBFFD6EB59}.Release|Any CPU.Build.0 = Release|Any CPU
	EndGlobalSection
	GlobalSection(SolutionProperties) = preSolution
		HideSolutionNode = FALSE
	EndGlobalSection
	GlobalSection(ExtensibilityGlobals) = postSolution
		SolutionGuid = {42637667-CAB5-4D91-96BC-49AEEC9718B3}
	EndGlobalSection
EndGlobal
