
Microsoft Visual Studio Solution File, Format Version 12.00
# Visual Studio Version 17
VisualStudioVersion = 17.5.33530.505
MinimumVisualStudioVersion = 10.0.40219.1
Project("{FAE04EC0-301F-11D3-BF4B-00C04F79EFBC}") = "Qtd_de_n_primos", "Qtd_de_n_primos\Qtd_de_n_primos.csproj", "{B37050D5-90D7-40B8-9196-A3E4C58C51D3}"
EndProject
Global
	GlobalSection(SolutionConfigurationPlatforms) = preSolution
		Debug|Any CPU = Debug|Any CPU
		Release|Any CPU = Release|Any CPU
	EndGlobalSection
	GlobalSection(ProjectConfigurationPlatforms) = postSolution
		{B37050D5-90D7-40B8-9196-A3E4C58C51D3}.Debug|Any CPU.ActiveCfg = Debug|Any CPU
		{B37050D5-90D7-40B8-9196-A3E4C58C51D3}.Debug|Any CPU.Build.0 = Debug|Any CPU
		{B37050D5-90D7-40B8-9196-A3E4C58C51D3}.Release|Any CPU.ActiveCfg = Release|Any CPU
		{B37050D5-90D7-40B8-9196-A3E4C58C51D3}.Release|Any CPU.Build.0 = Release|Any CPU
	EndGlobalSection
	GlobalSection(SolutionProperties) = preSolution
		HideSolutionNode = FALSE
	EndGlobalSection
	GlobalSection(ExtensibilityGlobals) = postSolution
		SolutionGuid = {050803E6-F102-4154-B86F-C7A9AB172C2F}
	EndGlobalSection
EndGlobal
